
Microsoft Visual Studio Solution File, Format Version 12.00
# Visual Studio 15
VisualStudioVersion = 15.0.28010.2026
MinimumVisualStudioVersion = 10.0.40219.1
Project("{9A19103F-16F7-4668-BE54-9A1E7A4F7556}") = "ProjetoESW", "ProjetoESW\ProjetoESW.csproj", "{B7E5AC90-215F-4387-90A0-0F3FB6E8E786}"
EndProject
Project("{2150E333-8FDC-42A3-9474-1A3956D46DE8}") = "Src", "Src", "{8BF9C41C-6094-46DF-A7FD-E4C6EC4802E2}"
EndProject
Project("{2150E333-8FDC-42A3-9474-1A3956D46DE8}") = "Test", "Test", "{0659DBE9-1A44-477B-B000-2A99BC4F81D1}"
EndProject
Project("{FAE04EC0-301F-11D3-BF4B-00C04F79EFBC}") = "ProjetoESWTest", "test\ProjetoESWTest\ProjetoESWTest.csproj", "{77C8810E-06FB-4187-A76E-210CCB91323E}"
EndProject
Global
	GlobalSection(SolutionConfigurationPlatforms) = preSolution
		Debug|Any CPU = Debug|Any CPU
		Release|Any CPU = Release|Any CPU
	EndGlobalSection
	GlobalSection(ProjectConfigurationPlatforms) = postSolution
		{B7E5AC90-215F-4387-90A0-0F3FB6E8E786}.Debug|Any CPU.ActiveCfg = Debug|Any CPU
		{B7E5AC90-215F-4387-90A0-0F3FB6E8E786}.Debug|Any CPU.Build.0 = Debug|Any CPU
		{B7E5AC90-215F-4387-90A0-0F3FB6E8E786}.Release|Any CPU.ActiveCfg = Release|Any CPU
		{B7E5AC90-215F-4387-90A0-0F3FB6E8E786}.Release|Any CPU.Build.0 = Release|Any CPU
		{77C8810E-06FB-4187-A76E-210CCB91323E}.Debug|Any CPU.ActiveCfg = Debug|Any CPU
		{77C8810E-06FB-4187-A76E-210CCB91323E}.Debug|Any CPU.Build.0 = Debug|Any CPU
		{77C8810E-06FB-4187-A76E-210CCB91323E}.Release|Any CPU.ActiveCfg = Release|Any CPU
		{77C8810E-06FB-4187-A76E-210CCB91323E}.Release|Any CPU.Build.0 = Release|Any CPU
	EndGlobalSection
	GlobalSection(SolutionProperties) = preSolution
		HideSolutionNode = FALSE
	EndGlobalSection
	GlobalSection(NestedProjects) = preSolution
		{B7E5AC90-215F-4387-90A0-0F3FB6E8E786} = {8BF9C41C-6094-46DF-A7FD-E4C6EC4802E2}
		{77C8810E-06FB-4187-A76E-210CCB91323E} = {0659DBE9-1A44-477B-B000-2A99BC4F81D1}
	EndGlobalSection
	GlobalSection(ExtensibilityGlobals) = postSolution
		SolutionGuid = {F907EE08-046A-4846-A3B2-B7295AE4FB04}
	EndGlobalSection
EndGlobal
